git.sr.ht/~kota/fuckery v0.2.0 h1:0JfnSMiQWFVFdGplolb2ZuRqDQLG5uAzDmH/oSaRj9Y=
git.sr.ht/~kota/fuckery v0.2.0/go.mod h1:UuYM/CTzL6F/FYB/uulUV1ceymM5NSJv2Qif3VVj/s8=
git.sr.ht/~kota/goldmark-wiki v0.0.0-20211119234413-891f759dc3aa h1:4JHg1p9hfnZEJtVjmhFhvYV4RO12mMDQf6NFolFJDzo=
git.sr.ht/~kota/goldmark-wiki v0.0.0-20211119234413-891f759dc3aa/go.mod h1:7bNFInCQWKDjV6b8qsLDwQ/q5XrVMjrACQjOnJGXe/4=
github.com/google/go-cmp v0.5.6 h1:BKbKCqvP6I+rmFHt06ZmyQtvB8xAkWdhFyr0ZUNZcxQ=
github.com/google/go-cmp v0.5.6/go.mod h1:v8dTdLbMG2kIc/vJvl+f65V22dbkXbowE6jgT/gNBxE=
github.com/yuin/goldmark v1.4.4 h1:zNWRjYUW32G9KirMXYHQHVNFkXvMI7LpgNW2AgYAoIs=
github.com/yuin/goldmark v1.4.4/go.mod h1:rmuwmfZ0+bvzB24eSC//bk1R1Zp3hM0OXYv/G2LIilg=
golang.org/x/xerrors v0.0.0-20191204190536-9bdfabe68543 h1:E7g+9GITq07hpfrRu66IVDexMakfv52eLZ2CXBWiKr4=
golang.org/x/xerrors v0.0.0-20191204190536-9bdfabe68543/go.mod h1:I/5z698sn9Ka8TeJc9MKroUUfqBBauWjQqLJ2OPfmY0=
